
Microsoft Visual Studio Solution File, Format Version 12.00
# Visual Studio Version 17
VisualStudioVersion = 17.14.36616.10
MinimumVisualStudioVersion = 10.0.40219.1
Project("{FAE04EC0-301F-11D3-BF4B-00C04F79EFBC}") = "TimeKeeperApp", "TimeKeeperApp\TimeKeeperApp.csproj", "{7208C272-FE54-462E-9019-CC78601FF1F4}"
EndProject
Project("{F14B399A-7131-4C87-9E4B-1186C45EF12D}") = "Report TimeKeeper", "Report TimeKeeper\Report TimeKeeper.rptproj", "{94AC3A74-DEA0-5DBD-0E97-681F9AA676BA}"
EndProject
Global
	GlobalSection(SolutionConfigurationPlatforms) = preSolution
		Debug|Any CPU = Debug|Any CPU
		DebugLocal|Any CPU = DebugLocal|Any CPU
		Release|Any CPU = Release|Any CPU
	EndGlobalSection
	GlobalSection(ProjectConfigurationPlatforms) = postSolution
		{7208C272-FE54-462E-9019-CC78601FF1F4}.Debug|Any CPU.ActiveCfg = Debug|Any CPU
		{7208C272-FE54-462E-9019-CC78601FF1F4}.Debug|Any CPU.Build.0 = Debug|Any CPU
		{7208C272-FE54-462E-9019-CC78601FF1F4}.DebugLocal|Any CPU.ActiveCfg = Debug|Any CPU
		{7208C272-FE54-462E-9019-CC78601FF1F4}.DebugLocal|Any CPU.Build.0 = Debug|Any CPU
		{7208C272-FE54-462E-9019-CC78601FF1F4}.Release|Any CPU.ActiveCfg = Release|Any CPU
		{7208C272-FE54-462E-9019-CC78601FF1F4}.Release|Any CPU.Build.0 = Release|Any CPU
		{94AC3A74-DEA0-5DBD-0E97-681F9AA676BA}.Debug|Any CPU.ActiveCfg = DebugLocal
		{94AC3A74-DEA0-5DBD-0E97-681F9AA676BA}.Debug|Any CPU.Build.0 = DebugLocal
		{94AC3A74-DEA0-5DBD-0E97-681F9AA676BA}.Debug|Any CPU.Deploy.0 = DebugLocal
		{94AC3A74-DEA0-5DBD-0E97-681F9AA676BA}.DebugLocal|Any CPU.ActiveCfg = DebugLocal
		{94AC3A74-DEA0-5DBD-0E97-681F9AA676BA}.DebugLocal|Any CPU.Build.0 = DebugLocal
		{94AC3A74-DEA0-5DBD-0E97-681F9AA676BA}.Release|Any CPU.ActiveCfg = Release
		{94AC3A74-DEA0-5DBD-0E97-681F9AA676BA}.Release|Any CPU.Build.0 = Release
		{94AC3A74-DEA0-5DBD-0E97-681F9AA676BA}.Release|Any CPU.Deploy.0 = Release
	EndGlobalSection
	GlobalSection(SolutionProperties) = preSolution
		HideSolutionNode = FALSE
	EndGlobalSection
	GlobalSection(ExtensibilityGlobals) = postSolution
		SolutionGuid = {5E517B9A-BEB9-4683-9D72-9CB66AB3ED54}
	EndGlobalSection
EndGlobal
